<?xml version="1.0" encoding="utf-8"?>
<Project ToolsVersion="4.0" xmlns="http://schemas.microsoft.com/developer/msbuild/2003">
  <ItemGroup>
    <Filter Include="Source Files">
      <UniqueIdentifier>{4FC737F1-C7A5-4376-A066-2A32D752A2FF}</UniqueIdentifier>
      <Extensions>cpp;c;cc;cxx;c++;cppm;ixx;def;odl;idl;hpj;bat;asm;asmx</Extensions>
    </Filter>
    <Filter Include="Header Files">
      <UniqueIdentifier>{93995380-89BD-4b04-88EB-625FBE52EBFB}</UniqueIdentifier>
      <Extensions>h;hh;hpp;hxx;h++;hm;inl;inc;ipp;xsd</Extensions>
    </Filter>
    <Filter Include="Resource Files">
      <UniqueIdentifier>{67DA6AB6-F800-4c08-8B7A-83BB121AAD01}</UniqueIdentifier>
      <Extensions>rc;ico;cur;bmp;dlg;rc2;rct;bin;rgs;gif;jpg;jpeg;jpe;resx;tiff;tif;png;wav;mfcribbon-ms</Extensions>
    </Filter>
    <Filter Include="Header Files\Library Files">
      <UniqueIdentifier>{c589ade3-6771-4273-bef0-fc130310e0b0}</UniqueIdentifier>
    </Filter>
  </ItemGroup>
  <ItemGroup>
    <None Include="packages.config" />
  </ItemGroup>
  <ItemGroup>
    <ClInclude Include="include\libogle.h">
      <Filter>Header Files</Filter>
    </ClInclude>
    <ClInclude Include="include\libogle\o_atlas.h">
      <Filter>Header Files\Library Files</Filter>
    </ClInclude>
    <ClInclude Include="include\libogle\o_camera.h">
      <Filter>Header Files\Library Files</Filter>
    </ClInclude>
    <ClInclude Include="include\libogle\o_common.h">
      <Filter>Header Files\Library Files</Filter>
    </ClInclude>
    <ClInclude Include="include\libogle\o_file.h">
      <Filter>Header Files\Library Files</Filter>
    </ClInclude>
    <ClInclude Include="include\libogle\o_light.h">
      <Filter>Header Files\Library Files</Filter>
    </ClInclude>
    <ClInclude Include="include\libogle\o_log.h">
      <Filter>Header Files\Library Files</Filter>
    </ClInclude>
    <ClInclude Include="include\libogle\o_material.h">
      <Filter>Header Files\Library Files</Filter>
    </ClInclude>
    <ClInclude Include="include\libogle\o_math.h">
      <Filter>Header Files\Library Files</Filter>
    </ClInclude>
    <ClInclude Include="include\libogle\o_object.h">
      <Filter>Header Files\Library Files</Filter>
    </ClInclude>
    <ClInclude Include="include\libogle\o_transform.h">
      <Filter>Header Files\Library Files</Filter>
    </ClInclude>
    <ClInclude Include="include\libogle\o_vector2.h">
      <Filter>Header Files\Library Files</Filter>
    </ClInclude>
    <ClInclude Include="include\libogle\o_vector3.h">
      <Filter>Header Files\Library Files</Filter>
    </ClInclude>
    <ClInclude Include="include\libogle\o_vector4.h">
      <Filter>Header Files\Library Files</Filter>
    </ClInclude>
    <ClInclude Include="include\libogle\o_mesh.h">
      <Filter>Header Files\Library Files</Filter>
    </ClInclude>
    <ClInclude Include="include\libogle\o_plane.h">
      <Filter>Header Files\Library Files</Filter>
    </ClInclude>
    <ClInclude Include="include\libogle\o_ray.h">
      <Filter>Header Files\Library Files</Filter>
    </ClInclude>
    <ClInclude Include="include\libogle\o_color.h">
      <Filter>Header Files\Library Files</Filter>
    </ClInclude>
    <ClInclude Include="include\libogle\o_darray.h">
      <Filter>Header Files\Library Files</Filter>
    </ClInclude>
    <ClInclude Include="include\libogle\o_utilities.h">
      <Filter>Header Files\Library Files</Filter>
    </ClInclude>
    <ClInclude Include="include\libogle\o_input.h">
      <Filter>Header Files\Library Files</Filter>
    </ClInclude>
    <ClInclude Include="include\libogle\o_vertex.h">
      <Filter>Header Files\Library Files</Filter>
    </ClInclude>
    <ClInclude Include="include\libogle\o_index_buffer.h">
      <Filter>Header Files\Library Files</Filter>
    </ClInclude>
    <ClInclude Include="include\libogle\o_vertex_buffer.h">
      <Filter>Header Files\Library Files</Filter>
    </ClInclude>
    <ClInclude Include="include\libogle\o_stringview.h">
      <Filter>Header Files\Library Files</Filter>
    </ClInclude>
    <ClInclude Include="include\libogle\o_string.h">
      <Filter>Header Files\Library Files</Filter>
    </ClInclude>
    <ClInclude Include="include\libogle\o_char.h">
      <Filter>Header Files\Library Files</Filter>
    </ClInclude>
    <ClInclude Include="include\libogle\o_rect.h">
      <Filter>Header Files\Library Files</Filter>
    </ClInclude>
    <ClInclude Include="include\libogle\o_text.h">
      <Filter>Header Files\Library Files</Filter>
    </ClInclude>
    <ClInclude Include="include\libogle\o_circle.h">
      <Filter>Header Files\Library Files</Filter>
    </ClInclude>
    <ClInclude Include="include\libogle\o_config.h">
      <Filter>Header Files\Library Files</Filter>
    </ClInclude>
    <ClInclude Include="include\libogle\o_literal.h">
      <Filter>Header Files\Library Files</Filter>
    </ClInclude>
    <ClInclude Include="include\libogle\o_screen.h">
      <Filter>Header Files\Library Files</Filter>
    </ClInclude>
  </ItemGroup>
  <ItemGroup>
    <ClCompile Include="src\o_atlas.c">
      <Filter>Source Files</Filter>
    </ClCompile>
    <ClCompile Include="src\o_camera.c">
      <Filter>Source Files</Filter>
    </ClCompile>
    <ClCompile Include="src\o_file.c">
      <Filter>Source Files</Filter>
    </ClCompile>
    <ClCompile Include="src\o_light.c">
      <Filter>Source Files</Filter>
    </ClCompile>
    <ClCompile Include="src\o_log.c">
      <Filter>Source Files</Filter>
    </ClCompile>
    <ClCompile Include="src\o_material.c">
      <Filter>Source Files</Filter>
    </ClCompile>
    <ClCompile Include="src\o_math.c">
      <Filter>Source Files</Filter>
    </ClCompile>
    <ClCompile Include="src\o_object.c">
      <Filter>Source Files</Filter>
    </ClCompile>
    <ClCompile Include="src\o_transform.c">
      <Filter>Source Files</Filter>
    </ClCompile>
    <ClCompile Include="src\o_vector2.c">
      <Filter>Source Files</Filter>
    </ClCompile>
    <ClCompile Include="src\o_vector3.c">
      <Filter>Source Files</Filter>
    </ClCompile>
    <ClCompile Include="src\o_mesh.c">
      <Filter>Source Files</Filter>
    </ClCompile>
    <ClCompile Include="src\o_plane.c">
      <Filter>Source Files</Filter>
    </ClCompile>
    <ClCompile Include="src\o_vector4.c">
      <Filter>Source Files</Filter>
    </ClCompile>
    <ClCompile Include="src\o_ray.c">
      <Filter>Source Files</Filter>
    </ClCompile>
    <ClCompile Include="src\o_color.c">
      <Filter>Source Files</Filter>
    </ClCompile>
    <ClCompile Include="src\o_darray.c">
      <Filter>Source Files</Filter>
    </ClCompile>
    <ClCompile Include="src\o_mesh_save_obj.c">
      <Filter>Source Files</Filter>
    </ClCompile>
    <ClCompile Include="src\o_utilities.c">
      <Filter>Source Files</Filter>
    </ClCompile>
    <ClCompile Include="src\o_mesh_save_h.c">
      <Filter>Source Files</Filter>
    </ClCompile>
    <ClCompile Include="src\o_mesh_load_bin.c">
      <Filter>Source Files</Filter>
    </ClCompile>
    <ClCompile Include="src\o_vertex.c">
      <Filter>Source Files</Filter>
    </ClCompile>
    <ClCompile Include="src\o_input.c">
      <Filter>Source Files</Filter>
    </ClCompile>
    <ClCompile Include="src\o_vertex_buffer.c">
      <Filter>Source Files</Filter>
    </ClCompile>
    <ClCompile Include="src\o_index_buffer.c">
      <Filter>Source Files</Filter>
    </ClCompile>
    <ClCompile Include="src\o_mesh_save_bin.c">
      <Filter>Source Files</Filter>
    </ClCompile>
    <ClCompile Include="src\o_stringview.c">
      <Filter>Source Files</Filter>
    </ClCompile>
    <ClCompile Include="src\o_string.c">
      <Filter>Source Files</Filter>
    </ClCompile>
    <ClCompile Include="src\o_char.c">
      <Filter>Source Files</Filter>
    </ClCompile>
    <ClCompile Include="src\o_mesh_load_obj.c">
      <Filter>Source Files</Filter>
    </ClCompile>
    <ClCompile Include="src\o_rect.c">
      <Filter>Source Files</Filter>
    </ClCompile>
    <ClCompile Include="src\o_text.c">
      <Filter>Source Files</Filter>
    </ClCompile>
    <ClCompile Include="src\o_circle.c">
      <Filter>Source Files</Filter>
    </ClCompile>
    <ClCompile Include="src\o_config.c">
      <Filter>Source Files</Filter>
    </ClCompile>
    <ClCompile Include="src\o_literal.c">
      <Filter>Source Files</Filter>
    </ClCompile>
  </ItemGroup>
</Project>